<Solution>
  <Folder Name="/src/" />
  <Folder Name="/src/Apps/">
    <Project Path="src/Apps/Nvm.App.Execution/Nvm.App.Execution.csproj" />
    <Project Path="src/Apps/Nvm.Host.All/Nvm.Host.All.csproj" />
  </Folder>
  <Folder Name="/src/FunctionalBlocks/">
    <Project Path="src/FunctionalBlocks/FactoryModel/Nvm.FactoryModel.csproj" />
  </Folder>
  <Folder Name="/src/Platform/">
    <Project Path="src/Platform/Nvm.PublicObjectModel/Nvm.PublicObjectModel.csproj" />
    <Project Path="src/Platform/Nvm.Bus/Nvm.Bus.csproj" />
    <Project Path="src/Platform/Nvm.Contracts/Nvm.Contracts.csproj" />
    <Project Path="src/Platform/Nvm.Hosting/Nvm.Hosting.csproj" />
    <Project Path="src/Platform/Nvm.Kernel/Nvm.Kernel.csproj" />
    <Project Path="src/Platform/Nvm.Sparkplug/Nvm.Sparkplug.csproj" />
    <Project Path="src/Platform/Nvm.Time/Nvm.Time.csproj" />
  </Folder>
  <Folder Name="/src/Workers/">
    <Project Path="src/Workers/Nvm.EdgeGateway/Nvm.EdgeGateway.csproj" />
    <Project Path="src/Workers/Nvm.Ingestion/Nvm.Ingestion.csproj" />
    <Project Path="src/Workers/Nvm.Simulator/Nvm.Simulator.csproj" />
  </Folder>
  <Folder Name="/tools/">
    <Project Path="tools/analyzers/Nvm.Analyzers/Nvm.Analyzers.csproj" />
    <Project Path="tools/buslab/Nvm.BusLab/Nvm.BusLab.csproj" />
    <Project Path="tools/loadgen/Nvm.LoadHarness/Nvm.LoadHarness.csproj" />
    <Project Path="tools/telemetry/Nvm.CalendarLab/Nvm.CalendarLab.csproj" />
    <Project Path="tools/telemetry/Nvm.TelemetryBackfill/Nvm.TelemetryBackfill.csproj" />
  </Folder>
  <Folder Name="/tests/" />
  <Folder Name="/tests/Analyzers/">
    <Project Path="tests/Analyzers/Nvm.AnalyzerTests/Nvm.AnalyzerTests.csproj" />
  </Folder>
  <Folder Name="/tests/Architecture/">
    <Project Path="tests/Architecture/Nvm.ArchitectureTests/Nvm.ArchitectureTests.csproj" />
  </Folder>
  <Folder Name="/tests/Contract/">
    <Project Path="tests/Contract/Nvm.ContractTests/Nvm.ContractTests.csproj" />
  </Folder>
  <Folder Name="/tests/Integration/">
    <Project Path="tests/Integration/Nvm.IntegrationTests/Nvm.IntegrationTests.csproj" />
  </Folder>
  <Folder Name="/tests/Unit/">
    <Project Path="tests/Unit/Nvm.UnitTests/Nvm.UnitTests.csproj" />
  </Folder>
</Solution>
