<Solution>
  <Folder Name="/src/" />
  <Folder Name="/src/Apps/">
    <Project Path="src/Apps/Nvm.Host.All/Nvm.Host.All.csproj" />
  </Folder>
  <Folder Name="/src/FunctionalBlocks/">
    <Project Path="src/FunctionalBlocks/FactoryModel/Nvm.FactoryModel.csproj" />
  </Folder>
  <Folder Name="/src/Platform/">
    <Project Path="src/Platform/Nvm.Bus/Nvm.Bus.csproj" />
    <Project Path="src/Platform/Nvm.Contracts/Nvm.Contracts.csproj" />
    <Project Path="src/Platform/Nvm.Hosting/Nvm.Hosting.csproj" />
    <Project Path="src/Platform/Nvm.Kernel/Nvm.Kernel.csproj" />
  </Folder>
  <Folder Name="/src/Workers/">
    <Project Path="src/Workers/Nvm.BusProbe/Nvm.BusProbe.csproj" />
  </Folder>
  <Folder Name="/tests/" />
  <Folder Name="/tests/Contract/">
    <Project Path="tests/Contract/Nvm.ContractTests/Nvm.ContractTests.csproj" />
  </Folder>
  <Folder Name="/tests/Unit/">
    <Project Path="tests/Unit/Nvm.UnitTests/Nvm.UnitTests.csproj" />
  </Folder>
</Solution>
